
Microsoft Visual Studio Solution File, Format Version 12.00
# Visual Studio Version 17
VisualStudioVersion = 17.11.35312.102
MinimumVisualStudioVersion = 10.0.40219.1
Project("{FAE04EC0-301F-11D3-BF4B-00C04F79EFBC}") = "IS_Lab1_XML", "IS_Lab1_XML\IS_Lab1_XML.csproj", "{2505D1AA-88D4-49E9-823F-69F79CFFDB3B}"
EndProject
Project("{FAE04EC0-301F-11D3-BF4B-00C04F79EFBC}") = "IS_Lab2_JSON", "IS_Lab2_JSON\IS_Lab2_JSON.csproj", "{1FCBCA4D-D76F-4FD2-97CC-E49F5AEF6B99}"
EndProject
Project("{FAE04EC0-301F-11D3-BF4B-00C04F79EFBC}") = "IS_Lab5_SOAPCS", "IS_Lab5_SOAPCS\IS_Lab5_SOAPCS.csproj", "{BA7CBEEE-849B-47F8-B45A-2EFAEC62F042}"
EndProject
Global
	GlobalSection(SolutionConfigurationPlatforms) = preSolution
		Debug|Any CPU = Debug|Any CPU
		Release|Any CPU = Release|Any CPU
	EndGlobalSection
	GlobalSection(ProjectConfigurationPlatforms) = postSolution
		{2505D1AA-88D4-49E9-823F-69F79CFFDB3B}.Debug|Any CPU.ActiveCfg = Debug|Any CPU
		{2505D1AA-88D4-49E9-823F-69F79CFFDB3B}.Debug|Any CPU.Build.0 = Debug|Any CPU
		{2505D1AA-88D4-49E9-823F-69F79CFFDB3B}.Release|Any CPU.ActiveCfg = Release|Any CPU
		{2505D1AA-88D4-49E9-823F-69F79CFFDB3B}.Release|Any CPU.Build.0 = Release|Any CPU
		{1FCBCA4D-D76F-4FD2-97CC-E49F5AEF6B99}.Debug|Any CPU.ActiveCfg = Debug|Any CPU
		{1FCBCA4D-D76F-4FD2-97CC-E49F5AEF6B99}.Debug|Any CPU.Build.0 = Debug|Any CPU
		{1FCBCA4D-D76F-4FD2-97CC-E49F5AEF6B99}.Release|Any CPU.ActiveCfg = Release|Any CPU
		{1FCBCA4D-D76F-4FD2-97CC-E49F5AEF6B99}.Release|Any CPU.Build.0 = Release|Any CPU
		{BA7CBEEE-849B-47F8-B45A-2EFAEC62F042}.Debug|Any CPU.ActiveCfg = Debug|Any CPU
		{BA7CBEEE-849B-47F8-B45A-2EFAEC62F042}.Debug|Any CPU.Build.0 = Debug|Any CPU
		{BA7CBEEE-849B-47F8-B45A-2EFAEC62F042}.Release|Any CPU.ActiveCfg = Release|Any CPU
		{BA7CBEEE-849B-47F8-B45A-2EFAEC62F042}.Release|Any CPU.Build.0 = Release|Any CPU
	EndGlobalSection
	GlobalSection(SolutionProperties) = preSolution
		HideSolutionNode = FALSE
	EndGlobalSection
	GlobalSection(ExtensibilityGlobals) = postSolution
		SolutionGuid = {14CDB051-6231-496A-A4EE-34A037B3D646}
	EndGlobalSection
EndGlobal
